
Microsoft Visual Studio Solution File, Format Version 12.00
# Visual Studio Version 16
VisualStudioVersion = 16.0.30611.23
MinimumVisualStudioVersion = 10.0.40219.1
Project("{FAE04EC0-301F-11D3-BF4B-00C04F79EFBC}") = "DapperSample", "DapperSample\DapperSample.csproj", "{DEF444D0-263E-4304-9E9D-E75D54B4A0C1}"
EndProject
Project("{FAE04EC0-301F-11D3-BF4B-00C04F79EFBC}") = "ProductCategoryDapper", "ProductCategoryDapper\ProductCategoryDapper.csproj", "{65E9487B-28B5-4D01-897A-4A0D94CB02D0}"
EndProject
Project("{FAE04EC0-301F-11D3-BF4B-00C04F79EFBC}") = "ProductCodeFirstDapper", "ProductCodeFirstDapper\ProductCodeFirstDapper.csproj", "{1BDD4074-3089-48DC-BE14-B9C47044355F}"
EndProject
Project("{FAE04EC0-301F-11D3-BF4B-00C04F79EFBC}") = "DapperRepositoryLib", "DapperRepositoryLib\DapperRepositoryLib.csproj", "{29F1BE43-6F47-4084-9F63-6DBB62C680FC}"
EndProject
Project("{FAE04EC0-301F-11D3-BF4B-00C04F79EFBC}") = "TestDapperRepository", "TestDapperRepository\TestDapperRepository.csproj", "{81A4A08A-EDEE-40A6-865C-E045921C3BA6}"
EndProject
Global
	GlobalSection(SolutionConfigurationPlatforms) = preSolution
		Debug|Any CPU = Debug|Any CPU
		Release|Any CPU = Release|Any CPU
	EndGlobalSection
	GlobalSection(ProjectConfigurationPlatforms) = postSolution
		{DEF444D0-263E-4304-9E9D-E75D54B4A0C1}.Debug|Any CPU.ActiveCfg = Debug|Any CPU
		{DEF444D0-263E-4304-9E9D-E75D54B4A0C1}.Debug|Any CPU.Build.0 = Debug|Any CPU
		{DEF444D0-263E-4304-9E9D-E75D54B4A0C1}.Release|Any CPU.ActiveCfg = Release|Any CPU
		{DEF444D0-263E-4304-9E9D-E75D54B4A0C1}.Release|Any CPU.Build.0 = Release|Any CPU
		{65E9487B-28B5-4D01-897A-4A0D94CB02D0}.Debug|Any CPU.ActiveCfg = Debug|Any CPU
		{65E9487B-28B5-4D01-897A-4A0D94CB02D0}.Debug|Any CPU.Build.0 = Debug|Any CPU
		{65E9487B-28B5-4D01-897A-4A0D94CB02D0}.Release|Any CPU.ActiveCfg = Release|Any CPU
		{65E9487B-28B5-4D01-897A-4A0D94CB02D0}.Release|Any CPU.Build.0 = Release|Any CPU
		{1BDD4074-3089-48DC-BE14-B9C47044355F}.Debug|Any CPU.ActiveCfg = Debug|Any CPU
		{1BDD4074-3089-48DC-BE14-B9C47044355F}.Debug|Any CPU.Build.0 = Debug|Any CPU
		{1BDD4074-3089-48DC-BE14-B9C47044355F}.Release|Any CPU.ActiveCfg = Release|Any CPU
		{1BDD4074-3089-48DC-BE14-B9C47044355F}.Release|Any CPU.Build.0 = Release|Any CPU
		{29F1BE43-6F47-4084-9F63-6DBB62C680FC}.Debug|Any CPU.ActiveCfg = Debug|Any CPU
		{29F1BE43-6F47-4084-9F63-6DBB62C680FC}.Debug|Any CPU.Build.0 = Debug|Any CPU
		{29F1BE43-6F47-4084-9F63-6DBB62C680FC}.Release|Any CPU.ActiveCfg = Release|Any CPU
		{29F1BE43-6F47-4084-9F63-6DBB62C680FC}.Release|Any CPU.Build.0 = Release|Any CPU
		{81A4A08A-EDEE-40A6-865C-E045921C3BA6}.Debug|Any CPU.ActiveCfg = Debug|Any CPU
		{81A4A08A-EDEE-40A6-865C-E045921C3BA6}.Debug|Any CPU.Build.0 = Debug|Any CPU
		{81A4A08A-EDEE-40A6-865C-E045921C3BA6}.Release|Any CPU.ActiveCfg = Release|Any CPU
		{81A4A08A-EDEE-40A6-865C-E045921C3BA6}.Release|Any CPU.Build.0 = Release|Any CPU
	EndGlobalSection
	GlobalSection(SolutionProperties) = preSolution
		HideSolutionNode = FALSE
	EndGlobalSection
	GlobalSection(ExtensibilityGlobals) = postSolution
		SolutionGuid = {82FF00F6-4D1D-4164-9425-A9C9E71EBC04}
	EndGlobalSection
EndGlobal
